
Microsoft Visual Studio Solution File, Format Version 12.00
# Visual Studio 14
VisualStudioVersion = 14.0.25420.1
MinimumVisualStudioVersion = 10.0.40219.1
Project("{FAE04EC0-301F-11D3-BF4B-00C04F79EFBC}") = "Chat-Server", "Chat-Server\Chat-Server.csproj", "{84F4792F-C74A-4056-8286-2A82E9496C02}"
EndProject
Project("{FAE04EC0-301F-11D3-BF4B-00C04F79EFBC}") = "Chat-Client", "Chat-Client\Chat-Client.csproj", "{DD1E2536-FAE1-458F-BC69-2FCAFAB3B799}"
EndProject
Global
	GlobalSection(SolutionConfigurationPlatforms) = preSolution
		Debug|Any CPU = Debug|Any CPU
		Release|Any CPU = Release|Any CPU
	EndGlobalSection
	GlobalSection(ProjectConfigurationPlatforms) = postSolution
		{84F4792F-C74A-4056-8286-2A82E9496C02}.Debug|Any CPU.ActiveCfg = Debug|Any CPU
		{84F4792F-C74A-4056-8286-2A82E9496C02}.Debug|Any CPU.Build.0 = Debug|Any CPU
		{84F4792F-C74A-4056-8286-2A82E9496C02}.Release|Any CPU.ActiveCfg = Release|Any CPU
		{84F4792F-C74A-4056-8286-2A82E9496C02}.Release|Any CPU.Build.0 = Release|Any CPU
		{DD1E2536-FAE1-458F-BC69-2FCAFAB3B799}.Debug|Any CPU.ActiveCfg = Debug|Any CPU
		{DD1E2536-FAE1-458F-BC69-2FCAFAB3B799}.Debug|Any CPU.Build.0 = Debug|Any CPU
		{DD1E2536-FAE1-458F-BC69-2FCAFAB3B799}.Release|Any CPU.ActiveCfg = Release|Any CPU
		{DD1E2536-FAE1-458F-BC69-2FCAFAB3B799}.Release|Any CPU.Build.0 = Release|Any CPU
	EndGlobalSection
	GlobalSection(SolutionProperties) = preSolution
		HideSolutionNode = FALSE
	EndGlobalSection
EndGlobal
